// !$*UTF8*$!
{
	archiveVersion = 1;
	classes = {
	};
	objectVersion = 50;
	objects = {

/* Begin PBXBuildFile section */
		FA0769C2229958F500F3A332 /* GradientView.swift in Sources */ = {isa = PBXBuildFile; fileRef = FA0769C1229958F500F3A332 /* GradientView.swift */; };
		FA0769C52299623D00F3A332 /* ChatViewCell.swift in Sources */ = {isa = PBXBuildFile; fileRef = FA0769C32299623D00F3A332 /* ChatViewCell.swift */; };
		FA0769C62299623D00F3A332 /* ChatViewCell.xib in Resources */ = {isa = PBXBuildFile; fileRef = FA0769C42299623D00F3A332 /* ChatViewCell.xib */; };
		FA16E851229A0F5000FFF47F /* StreamViewModel.swift in Sources */ = {isa = PBXBuildFile; fileRef = FA16E850229A0F5000FFF47F /* StreamViewModel.swift */; };
		FA16E853229A131400FFF47F /* DataLoader.swift in Sources */ = {isa = PBXBuildFile; fileRef = FA16E852229A131400FFF47F /* DataLoader.swift */; };
		FA16E855229A145B00FFF47F /* channel.json in Resources */ = {isa = PBXBuildFile; fileRef = FA16E854229A145B00FFF47F /* channel.json */; };
		FA220D4C2296A49A00BDA38F /* AppDelegate.swift in Sources */ = {isa = PBXBuildFile; fileRef = FA220D4B2296A49A00BDA38F /* AppDelegate.swift */; };
		FA220D4E2296A49A00BDA38F /* StreamViewController.swift in Sources */ = {isa = PBXBuildFile; fileRef = FA220D4D2296A49A00BDA38F /* StreamViewController.swift */; };
		FA220D502296A49A00BDA38F /* SearchViewController.swift in Sources */ = {isa = PBXBuildFile; fileRef = FA220D4F2296A49A00BDA38F /* SearchViewController.swift */; };
		FA220D532296A49A00BDA38F /* Main.storyboard in Resources */ = {isa = PBXBuildFile; fileRef = FA220D512296A49A00BDA38F /* Main.storyboard */; };
		FA220D552296A49C00BDA38F /* Assets.xcassets in Resources */ = {isa = PBXBuildFile; fileRef = FA220D542296A49C00BDA38F /* Assets.xcassets */; };
		FA220D582296A49C00BDA38F /* LaunchScreen.storyboard in Resources */ = {isa = PBXBuildFile; fileRef = FA220D562296A49C00BDA38F /* LaunchScreen.storyboard */; };
		FA220D632296A49C00BDA38F /* StreamViewerTests.swift in Sources */ = {isa = PBXBuildFile; fileRef = FA220D622296A49C00BDA38F /* StreamViewerTests.swift */; };
		FA220D712296A9E300BDA38F /* NotificationViewController.swift in Sources */ = {isa = PBXBuildFile; fileRef = FA220D702296A9E300BDA38F /* NotificationViewController.swift */; };
		FA220D732296AA0200BDA38F /* ProfileViewController.swift in Sources */ = {isa = PBXBuildFile; fileRef = FA220D722296AA0200BDA38F /* ProfileViewController.swift */; };
		FA220D782296AE4300BDA38F /* ChannelViewCell.swift in Sources */ = {isa = PBXBuildFile; fileRef = FA220D762296AE4300BDA38F /* ChannelViewCell.swift */; };
		FA220D792296AE4300BDA38F /* ChannelViewCell.xib in Resources */ = {isa = PBXBuildFile; fileRef = FA220D772296AE4300BDA38F /* ChannelViewCell.xib */; };
		FA6D9AD6229AC49800B97642 /* LikeButtonViewModel.swift in Sources */ = {isa = PBXBuildFile; fileRef = FA6D9AD5229AC49800B97642 /* LikeButtonViewModel.swift */; };
		FA6D9AD8229AC99B00B97642 /* BasicUI.swift in Sources */ = {isa = PBXBuildFile; fileRef = FA6D9AD7229AC99B00B97642 /* BasicUI.swift */; };
		FA6D9ADA229AC9E900B97642 /* UIColorExtension.swift in Sources */ = {isa = PBXBuildFile; fileRef = FA6D9AD9229AC9E900B97642 /* UIColorExtension.swift */; };
		FAD6595C22997430003174EC /* ChatCellViewModel.swift in Sources */ = {isa = PBXBuildFile; fileRef = FAD6595B22997430003174EC /* ChatCellViewModel.swift */; };
		FAD6595E22997469003174EC /* Chat.swift in Sources */ = {isa = PBXBuildFile; fileRef = FAD6595D22997469003174EC /* Chat.swift */; };
		FAD65960229976A1003174EC /* Channel.swift in Sources */ = {isa = PBXBuildFile; fileRef = FAD6595F229976A1003174EC /* Channel.swift */; };
		FAD659622299771D003174EC /* ChannelCellViewModel.swift in Sources */ = {isa = PBXBuildFile; fileRef = FAD659612299771D003174EC /* ChannelCellViewModel.swift */; };
		FAD659662299829F003174EC /* UIViewExtension.swift in Sources */ = {isa = PBXBuildFile; fileRef = FAD659652299829F003174EC /* UIViewExtension.swift */; };
		FAD6A846229A886E00FEA74F /* chatMessage.json in Resources */ = {isa = PBXBuildFile; fileRef = FAD6A845229A886E00FEA74F /* chatMessage.json */; };
		FAD6A848229AA3FA00FEA74F /* UIButtonExtension.swift in Sources */ = {isa = PBXBuildFile; fileRef = FAD6A847229AA3FA00FEA74F /* UIButtonExtension.swift */; };
		FAD6A84A229AA7DB00FEA74F /* LikeButton.swift in Sources */ = {isa = PBXBuildFile; fileRef = FAD6A849229AA7DB00FEA74F /* LikeButton.swift */; };
		FAD6A84C229AA7EB00FEA74F /* LikeButton.xib in Resources */ = {isa = PBXBuildFile; fileRef = FAD6A84B229AA7EB00FEA74F /* LikeButton.xib */; };
/* End PBXBuildFile section */

/* Begin PBXContainerItemProxy section */
		FA220D5F2296A49C00BDA38F /* PBXContainerItemProxy */ = {
			isa = PBXContainerItemProxy;
			containerPortal = FA220D402296A49A00BDA38F /* Project object */;
			proxyType = 1;
			remoteGlobalIDString = FA220D472296A49A00BDA38F;
			remoteInfo = StreamViewer;
		};
/* End PBXContainerItemProxy section */

/* Begin PBXFileReference section */
		FA0769C1229958F500F3A332 /* GradientView.swift */ = {isa = PBXFileReference; fileEncoding = 4; lastKnownFileType = sourcecode.swift; path = GradientView.swift; sourceTree = "<group>"; };
		FA0769C32299623D00F3A332 /* ChatViewCell.swift */ = {isa = PBXFileReference; fileEncoding = 4; lastKnownFileType = sourcecode.swift; path = ChatViewCell.swift; sourceTree = "<group>"; };
		FA0769C42299623D00F3A332 /* ChatViewCell.xib */ = {isa = PBXFileReference; fileEncoding = 4; lastKnownFileType = file.xib; path = ChatViewCell.xib; sourceTree = "<group>"; };
		FA16E850229A0F5000FFF47F /* StreamViewModel.swift */ = {isa = PBXFileReference; lastKnownFileType = sourcecode.swift; path = StreamViewModel.swift; sourceTree = "<group>"; };
		FA16E852229A131400FFF47F /* DataLoader.swift */ = {isa = PBXFileReference; lastKnownFileType = sourcecode.swift; path = DataLoader.swift; sourceTree = "<group>"; };
		FA16E854229A145B00FFF47F /* channel.json */ = {isa = PBXFileReference; lastKnownFileType = text.json; path = channel.json; sourceTree = "<group>"; };
		FA220D482296A49A00BDA38F /* StreamViewer.app */ = {isa = PBXFileReference; explicitFileType = wrapper.application; includeInIndex = 0; path = StreamViewer.app; sourceTree = BUILT_PRODUCTS_DIR; };
		FA220D4B2296A49A00BDA38F /* AppDelegate.swift */ = {isa = PBXFileReference; lastKnownFileType = sourcecode.swift; path = AppDelegate.swift; sourceTree = "<group>"; };
		FA220D4D2296A49A00BDA38F /* StreamViewController.swift */ = {isa = PBXFileReference; lastKnownFileType = sourcecode.swift; path = StreamViewController.swift; sourceTree = "<group>"; };
		FA220D4F2296A49A00BDA38F /* SearchViewController.swift */ = {isa = PBXFileReference; lastKnownFileType = sourcecode.swift; path = SearchViewController.swift; sourceTree = "<group>"; };
		FA220D522296A49A00BDA38F /* Base */ = {isa = PBXFileReference; lastKnownFileType = file.storyboard; name = Base; path = Base.lproj/Main.storyboard; sourceTree = "<group>"; };
		FA220D542296A49C00BDA38F /* Assets.xcassets */ = {isa = PBXFileReference; lastKnownFileType = folder.assetcatalog; path = Assets.xcassets; sourceTree = "<group>"; };
		FA220D572296A49C00BDA38F /* Base */ = {isa = PBXFileReference; lastKnownFileType = file.storyboard; name = Base; path = Base.lproj/LaunchScreen.storyboard; sourceTree = "<group>"; };
		FA220D592296A49C00BDA38F /* Info.plist */ = {isa = PBXFileReference; lastKnownFileType = text.plist.xml; path = Info.plist; sourceTree = "<group>"; };
		FA220D5E2296A49C00BDA38F /* StreamViewerTests.xctest */ = {isa = PBXFileReference; explicitFileType = wrapper.cfbundle; includeInIndex = 0; path = StreamViewerTests.xctest; sourceTree = BUILT_PRODUCTS_DIR; };
		FA220D622296A49C00BDA38F /* StreamViewerTests.swift */ = {isa = PBXFileReference; lastKnownFileType = sourcecode.swift; path = StreamViewerTests.swift; sourceTree = "<group>"; };
		FA220D642296A49C00BDA38F /* Info.plist */ = {isa = PBXFileReference; lastKnownFileType = text.plist.xml; path = Info.plist; sourceTree = "<group>"; };
		FA220D702296A9E300BDA38F /* NotificationViewController.swift */ = {isa = PBXFileReference; lastKnownFileType = sourcecode.swift; path = NotificationViewController.swift; sourceTree = "<group>"; };
		FA220D722296AA0200BDA38F /* ProfileViewController.swift */ = {isa = PBXFileReference; lastKnownFileType = sourcecode.swift; path = ProfileViewController.swift; sourceTree = "<group>"; };
		FA220D762296AE4300BDA38F /* ChannelViewCell.swift */ = {isa = PBXFileReference; lastKnownFileType = sourcecode.swift; path = ChannelViewCell.swift; sourceTree = "<group>"; };
		FA220D772296AE4300BDA38F /* ChannelViewCell.xib */ = {isa = PBXFileReference; lastKnownFileType = file.xib; path = ChannelViewCell.xib; sourceTree = "<group>"; };
		FA6D9AD5229AC49800B97642 /* LikeButtonViewModel.swift */ = {isa = PBXFileReference; lastKnownFileType = sourcecode.swift; path = LikeButtonViewModel.swift; sourceTree = "<group>"; };
		FA6D9AD7229AC99B00B97642 /* BasicUI.swift */ = {isa = PBXFileReference; lastKnownFileType = sourcecode.swift; path = BasicUI.swift; sourceTree = "<group>"; };
		FA6D9AD9229AC9E900B97642 /* UIColorExtension.swift */ = {isa = PBXFileReference; fileEncoding = 4; lastKnownFileType = sourcecode.swift; path = UIColorExtension.swift; sourceTree = "<group>"; };
		FAD6595B22997430003174EC /* ChatCellViewModel.swift */ = {isa = PBXFileReference; lastKnownFileType = sourcecode.swift; path = ChatCellViewModel.swift; sourceTree = "<group>"; };
		FAD6595D22997469003174EC /* Chat.swift */ = {isa = PBXFileReference; lastKnownFileType = sourcecode.swift; path = Chat.swift; sourceTree = "<group>"; };
		FAD6595F229976A1003174EC /* Channel.swift */ = {isa = PBXFileReference; lastKnownFileType = sourcecode.swift; path = Channel.swift; sourceTree = "<group>"; };
		FAD659612299771D003174EC /* ChannelCellViewModel.swift */ = {isa = PBXFileReference; lastKnownFileType = sourcecode.swift; path = ChannelCellViewModel.swift; sourceTree = "<group>"; };
		FAD659652299829F003174EC /* UIViewExtension.swift */ = {isa = PBXFileReference; lastKnownFileType = sourcecode.swift; path = UIViewExtension.swift; sourceTree = "<group>"; };
		FAD6A845229A886E00FEA74F /* chatMessage.json */ = {isa = PBXFileReference; lastKnownFileType = text.json; path = chatMessage.json; sourceTree = "<group>"; };
		FAD6A847229AA3FA00FEA74F /* UIButtonExtension.swift */ = {isa = PBXFileReference; lastKnownFileType = sourcecode.swift; path = UIButtonExtension.swift; sourceTree = "<group>"; };
		FAD6A849229AA7DB00FEA74F /* LikeButton.swift */ = {isa = PBXFileReference; lastKnownFileType = sourcecode.swift; path = LikeButton.swift; sourceTree = "<group>"; };
		FAD6A84B229AA7EB00FEA74F /* LikeButton.xib */ = {isa = PBXFileReference; lastKnownFileType = file.xib; path = LikeButton.xib; sourceTree = "<group>"; };
/* End PBXFileReference section */

/* Begin PBXFrameworksBuildPhase section */
		FA220D452296A49A00BDA38F /* Frameworks */ = {
			isa = PBXFrameworksBuildPhase;
			buildActionMask = 2147483647;
			files = (
			);
			runOnlyForDeploymentPostprocessing = 0;
		};
		FA220D5B2296A49C00BDA38F /* Frameworks */ = {
			isa = PBXFrameworksBuildPhase;
			buildActionMask = 2147483647;
			files = (
			);
			runOnlyForDeploymentPostprocessing = 0;
		};
/* End PBXFrameworksBuildPhase section */

/* Begin PBXGroup section */
		FA0769C0229958C100F3A332 /* Custom */ = {
			isa = PBXGroup;
			children = (
				FA0769C1229958F500F3A332 /* GradientView.swift */,
				FAD6A849229AA7DB00FEA74F /* LikeButton.swift */,
				FAD6A84B229AA7EB00FEA74F /* LikeButton.xib */,
			);
			path = Custom;
			sourceTree = "<group>";
		};
		FA16E856229A146200FFF47F /* Resource */ = {
			isa = PBXGroup;
			children = (
				FA16E854229A145B00FFF47F /* channel.json */,
				FAD6A845229A886E00FEA74F /* chatMessage.json */,
			);
			path = Resource;
			sourceTree = "<group>";
		};
		FA220D3F2296A49A00BDA38F = {
			isa = PBXGroup;
			children = (
				FA220D4A2296A49A00BDA38F /* StreamViewer */,
				FA220D612296A49C00BDA38F /* StreamViewerTests */,
				FA220D492296A49A00BDA38F /* Products */,
			);
			sourceTree = "<group>";
		};
		FA220D492296A49A00BDA38F /* Products */ = {
			isa = PBXGroup;
			children = (
				FA220D482296A49A00BDA38F /* StreamViewer.app */,
				FA220D5E2296A49C00BDA38F /* StreamViewerTests.xctest */,
			);
			name = Products;
			sourceTree = "<group>";
		};
		FA220D4A2296A49A00BDA38F /* StreamViewer */ = {
			isa = PBXGroup;
			children = (
				FA16E856229A146200FFF47F /* Resource */,
				FAD6596322998288003174EC /* Helper */,
				FA220D6F2296A8EF00BDA38F /* Model */,
				FA220D6E2296A8ED00BDA38F /* View */,
				FA220D6D2296A8DC00BDA38F /* ViewModel */,
				FA220D4B2296A49A00BDA38F /* AppDelegate.swift */,
				FA220D512296A49A00BDA38F /* Main.storyboard */,
				FA220D542296A49C00BDA38F /* Assets.xcassets */,
				FA220D562296A49C00BDA38F /* LaunchScreen.storyboard */,
				FA220D592296A49C00BDA38F /* Info.plist */,
			);
			path = StreamViewer;
			sourceTree = "<group>";
		};
		FA220D612296A49C00BDA38F /* StreamViewerTests */ = {
			isa = PBXGroup;
			children = (
				FA220D622296A49C00BDA38F /* StreamViewerTests.swift */,
				FA220D642296A49C00BDA38F /* Info.plist */,
			);
			path = StreamViewerTests;
			sourceTree = "<group>";
		};
		FA220D6D2296A8DC00BDA38F /* ViewModel */ = {
			isa = PBXGroup;
			children = (
				FA16E850229A0F5000FFF47F /* StreamViewModel.swift */,
				FAD659612299771D003174EC /* ChannelCellViewModel.swift */,
				FAD6595B22997430003174EC /* ChatCellViewModel.swift */,
				FA6D9AD5229AC49800B97642 /* LikeButtonViewModel.swift */,
			);
			path = ViewModel;
			sourceTree = "<group>";
		};
		FA220D6E2296A8ED00BDA38F /* View */ = {
			isa = PBXGroup;
			children = (
				FA0769C0229958C100F3A332 /* Custom */,
				FA220D752296ADB300BDA38F /* ViewCell */,
				FA220D742296AD0D00BDA38F /* OtherScene */,
				FA220D4D2296A49A00BDA38F /* StreamViewController.swift */,
			);
			path = View;
			sourceTree = "<group>";
		};
		FA220D6F2296A8EF00BDA38F /* Model */ = {
			isa = PBXGroup;
			children = (
				FAD6595F229976A1003174EC /* Channel.swift */,
				FAD6595D22997469003174EC /* Chat.swift */,
			);
			path = Model;
			sourceTree = "<group>";
		};
		FA220D742296AD0D00BDA38F /* OtherScene */ = {
			isa = PBXGroup;
			children = (
				FA220D4F2296A49A00BDA38F /* SearchViewController.swift */,
				FA220D702296A9E300BDA38F /* NotificationViewController.swift */,
				FA220D722296AA0200BDA38F /* ProfileViewController.swift */,
			);
			path = OtherScene;
			sourceTree = "<group>";
		};
		FA220D752296ADB300BDA38F /* ViewCell */ = {
			isa = PBXGroup;
			children = (
				FA220D762296AE4300BDA38F /* ChannelViewCell.swift */,
				FA220D772296AE4300BDA38F /* ChannelViewCell.xib */,
				FA0769C32299623D00F3A332 /* ChatViewCell.swift */,
				FA0769C42299623D00F3A332 /* ChatViewCell.xib */,
			);
			path = ViewCell;
			sourceTree = "<group>";
		};
		FAD6596322998288003174EC /* Helper */ = {
			isa = PBXGroup;
			children = (
				FAD6596422998290003174EC /* Extension */,
				FA16E852229A131400FFF47F /* DataLoader.swift */,
				FA6D9AD7229AC99B00B97642 /* BasicUI.swift */,
			);
			path = Helper;
			sourceTree = "<group>";
		};
		FAD6596422998290003174EC /* Extension */ = {
			isa = PBXGroup;
			children = (
				FAD659652299829F003174EC /* UIViewExtension.swift */,
				FAD6A847229AA3FA00FEA74F /* UIButtonExtension.swift */,
				FA6D9AD9229AC9E900B97642 /* UIColorExtension.swift */,
			);
			path = Extension;
			sourceTree = "<group>";
		};
/* End PBXGroup section */

/* Begin PBXNativeTarget section */
		FA220D472296A49A00BDA38F /* StreamViewer */ = {
			isa = PBXNativeTarget;
			buildConfigurationList = FA220D672296A49C00BDA38F /* Build configuration list for PBXNativeTarget "StreamViewer" */;
			buildPhases = (
				FA220D442296A49A00BDA38F /* Sources */,
				FA220D452296A49A00BDA38F /* Frameworks */,
				FA220D462296A49A00BDA38F /* Resources */,
			);
			buildRules = (
			);
			dependencies = (
			);
			name = StreamViewer;
			productName = StreamViewer;
			productReference = FA220D482296A49A00BDA38F /* StreamViewer.app */;
			productType = "com.apple.product-type.application";
		};
		FA220D5D2296A49C00BDA38F /* StreamViewerTests */ = {
			isa = PBXNativeTarget;
			buildConfigurationList = FA220D6A2296A49C00BDA38F /* Build configuration list for PBXNativeTarget "StreamViewerTests" */;
			buildPhases = (
				FA220D5A2296A49C00BDA38F /* Sources */,
				FA220D5B2296A49C00BDA38F /* Frameworks */,
				FA220D5C2296A49C00BDA38F /* Resources */,
			);
			buildRules = (
			);
			dependencies = (
				FA220D602296A49C00BDA38F /* PBXTargetDependency */,
			);
			name = StreamViewerTests;
			productName = StreamViewerTests;
			productReference = FA220D5E2296A49C00BDA38F /* StreamViewerTests.xctest */;
			productType = "com.apple.product-type.bundle.unit-test";
		};
/* End PBXNativeTarget section */

/* Begin PBXProject section */
		FA220D402296A49A00BDA38F /* Project object */ = {
			isa = PBXProject;
			attributes = {
				LastSwiftUpdateCheck = 1020;
				LastUpgradeCheck = 1020;
				ORGANIZATIONNAME = Christian;
				TargetAttributes = {
					FA220D472296A49A00BDA38F = {
						CreatedOnToolsVersion = 10.2.1;
					};
					FA220D5D2296A49C00BDA38F = {
						CreatedOnToolsVersion = 10.2.1;
						TestTargetID = FA220D472296A49A00BDA38F;
					};
				};
			};
			buildConfigurationList = FA220D432296A49A00BDA38F /* Build configuration list for PBXProject "StreamViewer" */;
			compatibilityVersion = "Xcode 9.3";
			developmentRegion = en;
			hasScannedForEncodings = 0;
			knownRegions = (
				en,
				Base,
			);
			mainGroup = FA220D3F2296A49A00BDA38F;
			productRefGroup = FA220D492296A49A00BDA38F /* Products */;
			projectDirPath = "";
			projectRoot = "";
			targets = (
				FA220D472296A49A00BDA38F /* StreamViewer */,
				FA220D5D2296A49C00BDA38F /* StreamViewerTests */,
			);
		};
/* End PBXProject section */

/* Begin PBXResourcesBuildPhase section */
		FA220D462296A49A00BDA38F /* Resources */ = {
			isa = PBXResourcesBuildPhase;
			buildActionMask = 2147483647;
			files = (
				FAD6A84C229AA7EB00FEA74F /* LikeButton.xib in Resources */,
				FA220D792296AE4300BDA38F /* ChannelViewCell.xib in Resources */,
				FA220D582296A49C00BDA38F /* LaunchScreen.storyboard in Resources */,
				FA220D552296A49C00BDA38F /* Assets.xcassets in Resources */,
				FAD6A846229A886E00FEA74F /* chatMessage.json in Resources */,
				FA0769C62299623D00F3A332 /* ChatViewCell.xib in Resources */,
				FA220D532296A49A00BDA38F /* Main.storyboard in Resources */,
				FA16E855229A145B00FFF47F /* channel.json in Resources */,
			);
			runOnlyForDeploymentPostprocessing = 0;
		};
		FA220D5C2296A49C00BDA38F /* Resources */ = {
			isa = PBXResourcesBuildPhase;
			buildActionMask = 2147483647;
			files = (
			);
			runOnlyForDeploymentPostprocessing = 0;
		};
/* End PBXResourcesBuildPhase section */

/* Begin PBXSourcesBuildPhase section */
		FA220D442296A49A00BDA38F /* Sources */ = {
			isa = PBXSourcesBuildPhase;
			buildActionMask = 2147483647;
			files = (
				FA0769C52299623D00F3A332 /* ChatViewCell.swift in Sources */,
				FAD659622299771D003174EC /* ChannelCellViewModel.swift in Sources */,
				FA220D502296A49A00BDA38F /* SearchViewController.swift in Sources */,
				FAD65960229976A1003174EC /* Channel.swift in Sources */,
				FA220D4C2296A49A00BDA38F /* AppDelegate.swift in Sources */,
				FA16E853229A131400FFF47F /* DataLoader.swift in Sources */,
				FAD6595E22997469003174EC /* Chat.swift in Sources */,
				FA6D9ADA229AC9E900B97642 /* UIColorExtension.swift in Sources */,
				FA16E851229A0F5000FFF47F /* StreamViewModel.swift in Sources */,
				FA220D732296AA0200BDA38F /* ProfileViewController.swift in Sources */,
				FA6D9AD8229AC99B00B97642 /* BasicUI.swift in Sources */,
				FAD6A848229AA3FA00FEA74F /* UIButtonExtension.swift in Sources */,
				FA220D712296A9E300BDA38F /* NotificationViewController.swift in Sources */,
				FA0769C2229958F500F3A332 /* GradientView.swift in Sources */,
				FA220D782296AE4300BDA38F /* ChannelViewCell.swift in Sources */,
				FAD659662299829F003174EC /* UIViewExtension.swift in Sources */,
				FAD6595C22997430003174EC /* ChatCellViewModel.swift in Sources */,
				FAD6A84A229AA7DB00FEA74F /* LikeButton.swift in Sources */,
				FA220D4E2296A49A00BDA38F /* StreamViewController.swift in Sources */,
				FA6D9AD6229AC49800B97642 /* LikeButtonViewModel.swift in Sources */,
			);
			runOnlyForDeploymentPostprocessing = 0;
		};
		FA220D5A2296A49C00BDA38F /* Sources */ = {
			isa = PBXSourcesBuildPhase;
			buildActionMask = 2147483647;
			files = (
				FA220D632296A49C00BDA38F /* StreamViewerTests.swift in Sources */,
			);
			runOnlyForDeploymentPostprocessing = 0;
		};
/* End PBXSourcesBuildPhase section */

/* Begin PBXTargetDependency section */
		FA220D602296A49C00BDA38F /* PBXTargetDependency */ = {
			isa = PBXTargetDependency;
			target = FA220D472296A49A00BDA38F /* StreamViewer */;
			targetProxy = FA220D5F2296A49C00BDA38F /* PBXContainerItemProxy */;
		};
/* End PBXTargetDependency section */

/* Begin PBXVariantGroup section */
		FA220D512296A49A00BDA38F /* Main.storyboard */ = {
			isa = PBXVariantGroup;
			children = (
				FA220D522296A49A00BDA38F /* Base */,
			);
			name = Main.storyboard;
			sourceTree = "<group>";
		};
		FA220D562296A49C00BDA38F /* LaunchScreen.storyboard */ = {
			isa = PBXVariantGroup;
			children = (
				FA220D572296A49C00BDA38F /* Base */,
			);
			name = LaunchScreen.storyboard;
			sourceTree = "<group>";
		};
/* End PBXVariantGroup section */

/* Begin XCBuildConfiguration section */
		FA220D652296A49C00BDA38F /* Debug */ = {
			isa = XCBuildConfiguration;
			buildSettings = {
				ALWAYS_SEARCH_USER_PATHS = NO;
				CLANG_ANALYZER_NONNULL = YES;
				CLANG_ANALYZER_NUMBER_OBJECT_CONVERSION = YES_AGGRESSIVE;
				CLANG_CXX_LANGUAGE_STANDARD = "gnu++14";
				CLANG_CXX_LIBRARY = "libc++";
				CLANG_ENABLE_MODULES = YES;
				CLANG_ENABLE_OBJC_ARC = YES;
				CLANG_ENABLE_OBJC_WEAK = YES;
				CLANG_WARN_BLOCK_CAPTURE_AUTORELEASING = YES;
				CLANG_WARN_BOOL_CONVERSION = YES;
				CLANG_WARN_COMMA = YES;
				CLANG_WARN_CONSTANT_CONVERSION = YES;
				CLANG_WARN_DEPRECATED_OBJC_IMPLEMENTATIONS = YES;
				CLANG_WARN_DIRECT_OBJC_ISA_USAGE = YES_ERROR;
				CLANG_WARN_DOCUMENTATION_COMMENTS = YES;
				CLANG_WARN_EMPTY_BODY = YES;
				CLANG_WARN_ENUM_CONVERSION = YES;
				CLANG_WARN_INFINITE_RECURSION = YES;
				CLANG_WARN_INT_CONVERSION = YES;
				CLANG_WARN_NON_LITERAL_NULL_CONVERSION = YES;
				CLANG_WARN_OBJC_IMPLICIT_RETAIN_SELF = YES;
				CLANG_WARN_OBJC_LITERAL_CONVERSION = YES;
				CLANG_WARN_OBJC_ROOT_CLASS = YES_ERROR;
				CLANG_WARN_RANGE_LOOP_ANALYSIS = YES;
				CLANG_WARN_STRICT_PROTOTYPES = YES;
				CLANG_WARN_SUSPICIOUS_MOVE = YES;
				CLANG_WARN_UNGUARDED_AVAILABILITY = YES_AGGRESSIVE;
				CLANG_WARN_UNREACHABLE_CODE = YES;
				CLANG_WARN__DUPLICATE_METHOD_MATCH = YES;
				CODE_SIGN_IDENTITY = "iPhone Developer";
				COPY_PHASE_STRIP = NO;
				DEBUG_INFORMATION_FORMAT = dwarf;
				ENABLE_STRICT_OBJC_MSGSEND = YES;
				ENABLE_TESTABILITY = YES;
				GCC_C_LANGUAGE_STANDARD = gnu11;
				GCC_DYNAMIC_NO_PIC = NO;
				GCC_NO_COMMON_BLOCKS = YES;
				GCC_OPTIMIZATION_LEVEL = 0;
				GCC_PREPROCESSOR_DEFINITIONS = (
					"DEBUG=1",
					"$(inherited)",
				);
				GCC_WARN_64_TO_32_BIT_CONVERSION = YES;
				GCC_WARN_ABOUT_RETURN_TYPE = YES_ERROR;
				GCC_WARN_UNDECLARED_SELECTOR = YES;
				GCC_WARN_UNINITIALIZED_AUTOS = YES_AGGRESSIVE;
				GCC_WARN_UNUSED_FUNCTION = YES;
				GCC_WARN_UNUSED_VARIABLE = YES;
				IPHONEOS_DEPLOYMENT_TARGET = 12.2;
				MTL_ENABLE_DEBUG_INFO = INCLUDE_SOURCE;
				MTL_FAST_MATH = YES;
				ONLY_ACTIVE_ARCH = YES;
				SDKROOT = iphoneos;
				SWIFT_ACTIVE_COMPILATION_CONDITIONS = DEBUG;
				SWIFT_OPTIMIZATION_LEVEL = "-Onone";
			};
			name = Debug;
		};
		FA220D662296A49C00BDA38F /* Release */ = {
			isa = XCBuildConfiguration;
			buildSettings = {
				ALWAYS_SEARCH_USER_PATHS = NO;
				CLANG_ANALYZER_NONNULL = YES;
				CLANG_ANALYZER_NUMBER_OBJECT_CONVERSION = YES_AGGRESSIVE;
				CLANG_CXX_LANGUAGE_STANDARD = "gnu++14";
				CLANG_CXX_LIBRARY = "libc++";
				CLANG_ENABLE_MODULES = YES;
				CLANG_ENABLE_OBJC_ARC = YES;
				CLANG_ENABLE_OBJC_WEAK = YES;
				CLANG_WARN_BLOCK_CAPTURE_AUTORELEASING = YES;
				CLANG_WARN_BOOL_CONVERSION = YES;
				CLANG_WARN_COMMA = YES;
				CLANG_WARN_CONSTANT_CONVERSION = YES;
				CLANG_WARN_DEPRECATED_OBJC_IMPLEMENTATIONS = YES;
				CLANG_WARN_DIRECT_OBJC_ISA_USAGE = YES_ERROR;
				CLANG_WARN_DOCUMENTATION_COMMENTS = YES;
				CLANG_WARN_EMPTY_BODY = YES;
				CLANG_WARN_ENUM_CONVERSION = YES;
				CLANG_WARN_INFINITE_RECURSION = YES;
				CLANG_WARN_INT_CONVERSION = YES;
				CLANG_WARN_NON_LITERAL_NULL_CONVERSION = YES;
				CLANG_WARN_OBJC_IMPLICIT_RETAIN_SELF = YES;
				CLANG_WARN_OBJC_LITERAL_CONVERSION = YES;
				CLANG_WARN_OBJC_ROOT_CLASS = YES_ERROR;
				CLANG_WARN_RANGE_LOOP_ANALYSIS = YES;
				CLANG_WARN_STRICT_PROTOTYPES = YES;
				CLANG_WARN_SUSPICIOUS_MOVE = YES;
				CLANG_WARN_UNGUARDED_AVAILABILITY = YES_AGGRESSIVE;
				CLANG_WARN_UNREACHABLE_CODE = YES;
				CLANG_WARN__DUPLICATE_METHOD_MATCH = YES;
				CODE_SIGN_IDENTITY = "iPhone Developer";
				COPY_PHASE_STRIP = NO;
				DEBUG_INFORMATION_FORMAT = "dwarf-with-dsym";
				ENABLE_NS_ASSERTIONS = NO;
				ENABLE_STRICT_OBJC_MSGSEND = YES;
				GCC_C_LANGUAGE_STANDARD = gnu11;
				GCC_NO_COMMON_BLOCKS = YES;
				GCC_WARN_64_TO_32_BIT_CONVERSION = YES;
				GCC_WARN_ABOUT_RETURN_TYPE = YES_ERROR;
				GCC_WARN_UNDECLARED_SELECTOR = YES;
				GCC_WARN_UNINITIALIZED_AUTOS = YES_AGGRESSIVE;
				GCC_WARN_UNUSED_FUNCTION = YES;
				GCC_WARN_UNUSED_VARIABLE = YES;
				IPHONEOS_DEPLOYMENT_TARGET = 12.2;
				MTL_ENABLE_DEBUG_INFO = NO;
				MTL_FAST_MATH = YES;
				SDKROOT = iphoneos;
				SWIFT_COMPILATION_MODE = wholemodule;
				SWIFT_OPTIMIZATION_LEVEL = "-O";
				VALIDATE_PRODUCT = YES;
			};
			name = Release;
		};
		FA220D682296A49C00BDA38F /* Debug */ = {
			isa = XCBuildConfiguration;
			buildSettings = {
				ASSETCATALOG_COMPILER_APPICON_NAME = AppIcon;
				CODE_SIGN_STYLE = Automatic;
				DEVELOPMENT_TEAM = 2ZSYU47EN5;
				INFOPLIST_FILE = StreamViewer/Info.plist;
				LD_RUNPATH_SEARCH_PATHS = (
					"$(inherited)",
					"@executable_path/Frameworks",
				);
				PRODUCT_BUNDLE_IDENTIFIER = com.hopa.StreamViewer;
				PRODUCT_NAME = "$(TARGET_NAME)";
				SWIFT_VERSION = 5.0;
				TARGETED_DEVICE_FAMILY = "1,2";
			};
			name = Debug;
		};
		FA220D692296A49C00BDA38F /* Release */ = {
			isa = XCBuildConfiguration;
			buildSettings = {
				ASSETCATALOG_COMPILER_APPICON_NAME = AppIcon;
				CODE_SIGN_STYLE = Automatic;
				DEVELOPMENT_TEAM = 2ZSYU47EN5;
				INFOPLIST_FILE = StreamViewer/Info.plist;
				LD_RUNPATH_SEARCH_PATHS = (
					"$(inherited)",
					"@executable_path/Frameworks",
				);
				PRODUCT_BUNDLE_IDENTIFIER = com.hopa.StreamViewer;
				PRODUCT_NAME = "$(TARGET_NAME)";
				SWIFT_VERSION = 5.0;
				TARGETED_DEVICE_FAMILY = "1,2";
			};
			name = Release;
		};
		FA220D6B2296A49C00BDA38F /* Debug */ = {
			isa = XCBuildConfiguration;
			buildSettings = {
				ALWAYS_EMBED_SWIFT_STANDARD_LIBRARIES = YES;
				BUNDLE_LOADER = "$(TEST_HOST)";
				CODE_SIGN_STYLE = Automatic;
				DEVELOPMENT_TEAM = 2ZSYU47EN5;
				INFOPLIST_FILE = StreamViewerTests/Info.plist;
				LD_RUNPATH_SEARCH_PATHS = (
					"$(inherited)",
					"@executable_path/Frameworks",
					"@loader_path/Frameworks",
				);
				PRODUCT_BUNDLE_IDENTIFIER = com.hopa.StreamViewerTests;
				PRODUCT_NAME = "$(TARGET_NAME)";
				SWIFT_VERSION = 5.0;
				TARGETED_DEVICE_FAMILY = "1,2";
				TEST_HOST = "$(BUILT_PRODUCTS_DIR)/StreamViewer.app/StreamViewer";
			};
			name = Debug;
		};
		FA220D6C2296A49C00BDA38F /* Release */ = {
			isa = XCBuildConfiguration;
			buildSettings = {
				ALWAYS_EMBED_SWIFT_STANDARD_LIBRARIES = YES;
				BUNDLE_LOADER = "$(TEST_HOST)";
				CODE_SIGN_STYLE = Automatic;
				DEVELOPMENT_TEAM = 2ZSYU47EN5;
				INFOPLIST_FILE = StreamViewerTests/Info.plist;
				LD_RUNPATH_SEARCH_PATHS = (
					"$(inherited)",
					"@executable_path/Frameworks",
					"@loader_path/Frameworks",
				);
				PRODUCT_BUNDLE_IDENTIFIER = com.hopa.StreamViewerTests;
				PRODUCT_NAME = "$(TARGET_NAME)";
				SWIFT_VERSION = 5.0;
				TARGETED_DEVICE_FAMILY = "1,2";
				TEST_HOST = "$(BUILT_PRODUCTS_DIR)/StreamViewer.app/StreamViewer";
			};
			name = Release;
		};
/* End XCBuildConfiguration section */

/* Begin XCConfigurationList section */
		FA220D432296A49A00BDA38F /* Build configuration list for PBXProject "StreamViewer" */ = {
			isa = XCConfigurationList;
			buildConfigurations = (
				FA220D652296A49C00BDA38F /* Debug */,
				FA220D662296A49C00BDA38F /* Release */,
			);
			defaultConfigurationIsVisible = 0;
			defaultConfigurationName = Release;
		};
		FA220D672296A49C00BDA38F /* Build configuration list for PBXNativeTarget "StreamViewer" */ = {
			isa = XCConfigurationList;
			buildConfigurations = (
				FA220D682296A49C00BDA38F /* Debug */,
				FA220D692296A49C00BDA38F /* Release */,
			);
			defaultConfigurationIsVisible = 0;
			defaultConfigurationName = Release;
		};
		FA220D6A2296A49C00BDA38F /* Build configuration list for PBXNativeTarget "StreamViewerTests" */ = {
			isa = XCConfigurationList;
			buildConfigurations = (
				FA220D6B2296A49C00BDA38F /* Debug */,
				FA220D6C2296A49C00BDA38F /* Release */,
			);
			defaultConfigurationIsVisible = 0;
			defaultConfigurationName = Release;
		};
/* End XCConfigurationList section */
	};
	rootObject = FA220D402296A49A00BDA38F /* Project object */;
}
